
Microsoft Visual Studio Solution File, Format Version 12.00
# Visual Studio Version 17
VisualStudioVersion = 17.4.33110.190
MinimumVisualStudioVersion = 10.0.40219.1
Project("{FAE04EC0-301F-11D3-BF4B-00C04F79EFBC}") = "LifeLineApi", "LifeLineApi.csproj", "{AFE73265-B7D0-4F7D-A274-090DA1BDBDEE}"
EndProject
Global
	GlobalSection(SolutionConfigurationPlatforms) = preSolution
		Debug|Any CPU = Debug|Any CPU
		Release|Any CPU = Release|Any CPU
	EndGlobalSection
	GlobalSection(ProjectConfigurationPlatforms) = postSolution
		{AFE73265-B7D0-4F7D-A274-090DA1BDBDEE}.Debug|Any CPU.ActiveCfg = Debug|Any CPU
		{AFE73265-B7D0-4F7D-A274-090DA1BDBDEE}.Debug|Any CPU.Build.0 = Debug|Any CPU
		{AFE73265-B7D0-4F7D-A274-090DA1BDBDEE}.Release|Any CPU.ActiveCfg = Release|Any CPU
		{AFE73265-B7D0-4F7D-A274-090DA1BDBDEE}.Release|Any CPU.Build.0 = Release|Any CPU
	EndGlobalSection
	GlobalSection(SolutionProperties) = preSolution
		HideSolutionNode = FALSE
	EndGlobalSection
	GlobalSection(ExtensibilityGlobals) = postSolution
		SolutionGuid = {6917B04C-D72B-425A-9752-CAFA49257064}
	EndGlobalSection
EndGlobal
